
Microsoft Visual Studio Solution File, Format Version 12.00
# Visual Studio Version 16
VisualStudioVersion = 16.0.31702.278
MinimumVisualStudioVersion = 10.0.40219.1
Project("{9A19103F-16F7-4668-BE54-9A1E7A4F7556}") = "Blazoroids3d", "Blazoroids3d.csproj", "{580B8319-44BF-4ABE-8306-F28645A36EB1}"
EndProject
Project("{9A19103F-16F7-4668-BE54-9A1E7A4F7556}") = "Blazor.Extensions.Canvas", "..\Canvas\src\Blazor.Extensions.Canvas\Blazor.Extensions.Canvas.csproj", "{A7DD7FAC-63B5-4601-9BEC-B0F9DAC2BE8F}"
EndProject
Project("{9A19103F-16F7-4668-BE54-9A1E7A4F7556}") = "Blazor.Extensions.Canvas.JS", "..\Canvas\src\Blazor.Extensions.Canvas.JS\Blazor.Extensions.Canvas.JS.csproj", "{264DDBEE-CCBC-4675-BD19-E5910871CB5F}"
EndProject
Global
	GlobalSection(SolutionConfigurationPlatforms) = preSolution
		Debug|Any CPU = Debug|Any CPU
		Release|Any CPU = Release|Any CPU
	EndGlobalSection
	GlobalSection(ProjectConfigurationPlatforms) = postSolution
		{580B8319-44BF-4ABE-8306-F28645A36EB1}.Debug|Any CPU.ActiveCfg = Debug|Any CPU
		{580B8319-44BF-4ABE-8306-F28645A36EB1}.Debug|Any CPU.Build.0 = Debug|Any CPU
		{580B8319-44BF-4ABE-8306-F28645A36EB1}.Release|Any CPU.ActiveCfg = Release|Any CPU
		{580B8319-44BF-4ABE-8306-F28645A36EB1}.Release|Any CPU.Build.0 = Release|Any CPU
		{A7DD7FAC-63B5-4601-9BEC-B0F9DAC2BE8F}.Debug|Any CPU.ActiveCfg = Debug|Any CPU
		{A7DD7FAC-63B5-4601-9BEC-B0F9DAC2BE8F}.Debug|Any CPU.Build.0 = Debug|Any CPU
		{A7DD7FAC-63B5-4601-9BEC-B0F9DAC2BE8F}.Release|Any CPU.ActiveCfg = Release|Any CPU
		{A7DD7FAC-63B5-4601-9BEC-B0F9DAC2BE8F}.Release|Any CPU.Build.0 = Release|Any CPU
		{264DDBEE-CCBC-4675-BD19-E5910871CB5F}.Debug|Any CPU.ActiveCfg = Debug|Any CPU
		{264DDBEE-CCBC-4675-BD19-E5910871CB5F}.Debug|Any CPU.Build.0 = Debug|Any CPU
		{264DDBEE-CCBC-4675-BD19-E5910871CB5F}.Release|Any CPU.ActiveCfg = Release|Any CPU
		{264DDBEE-CCBC-4675-BD19-E5910871CB5F}.Release|Any CPU.Build.0 = Release|Any CPU
	EndGlobalSection
	GlobalSection(SolutionProperties) = preSolution
		HideSolutionNode = FALSE
	EndGlobalSection
	GlobalSection(ExtensibilityGlobals) = postSolution
		SolutionGuid = {FC6A0D13-90CB-46F3-846C-EB48131ABE18}
	EndGlobalSection
EndGlobal
